
Microsoft Visual Studio Solution File, Format Version 12.00
# Visual Studio 15
VisualStudioVersion = 15.0.27004.2005
MinimumVisualStudioVersion = 10.0.40219.1
Project("{FAE04EC0-301F-11D3-BF4B-00C04F79EFBC}") = "SchoolEntities", "SchoolEntities\SchoolEntities.csproj", "{83E8A0D9-C68C-4EBD-8709-364ECE4DF642}"
EndProject
Project("{FAE04EC0-301F-11D3-BF4B-00C04F79EFBC}") = "SchoolDAL", "SchoolDAL\SchoolDAL.csproj", "{03DD9BD8-07AC-4C66-8088-D37F6017EC81}"
EndProject
Project("{FAE04EC0-301F-11D3-BF4B-00C04F79EFBC}") = "SchoolBLL", "SchoolBLL\SchoolBLL.csproj", "{C3B8628A-EF1B-4BA4-88FB-F886CFD4190A}"
EndProject
Project("{FAE04EC0-301F-11D3-BF4B-00C04F79EFBC}") = "SchoolWEB", "SchoolWEB\SchoolWEB.csproj", "{EAF7F938-2976-4156-96E0-9CBF359D8CEA}"
EndProject
Global
	GlobalSection(SolutionConfigurationPlatforms) = preSolution
		Debug|Any CPU = Debug|Any CPU
		Release|Any CPU = Release|Any CPU
	EndGlobalSection
	GlobalSection(ProjectConfigurationPlatforms) = postSolution
		{83E8A0D9-C68C-4EBD-8709-364ECE4DF642}.Debug|Any CPU.ActiveCfg = Debug|Any CPU
		{83E8A0D9-C68C-4EBD-8709-364ECE4DF642}.Debug|Any CPU.Build.0 = Debug|Any CPU
		{83E8A0D9-C68C-4EBD-8709-364ECE4DF642}.Release|Any CPU.ActiveCfg = Release|Any CPU
		{83E8A0D9-C68C-4EBD-8709-364ECE4DF642}.Release|Any CPU.Build.0 = Release|Any CPU
		{03DD9BD8-07AC-4C66-8088-D37F6017EC81}.Debug|Any CPU.ActiveCfg = Debug|Any CPU
		{03DD9BD8-07AC-4C66-8088-D37F6017EC81}.Debug|Any CPU.Build.0 = Debug|Any CPU
		{03DD9BD8-07AC-4C66-8088-D37F6017EC81}.Release|Any CPU.ActiveCfg = Release|Any CPU
		{03DD9BD8-07AC-4C66-8088-D37F6017EC81}.Release|Any CPU.Build.0 = Release|Any CPU
		{C3B8628A-EF1B-4BA4-88FB-F886CFD4190A}.Debug|Any CPU.ActiveCfg = Debug|Any CPU
		{C3B8628A-EF1B-4BA4-88FB-F886CFD4190A}.Debug|Any CPU.Build.0 = Debug|Any CPU
		{C3B8628A-EF1B-4BA4-88FB-F886CFD4190A}.Release|Any CPU.ActiveCfg = Release|Any CPU
		{C3B8628A-EF1B-4BA4-88FB-F886CFD4190A}.Release|Any CPU.Build.0 = Release|Any CPU
		{EAF7F938-2976-4156-96E0-9CBF359D8CEA}.Debug|Any CPU.ActiveCfg = Debug|Any CPU
		{EAF7F938-2976-4156-96E0-9CBF359D8CEA}.Debug|Any CPU.Build.0 = Debug|Any CPU
		{EAF7F938-2976-4156-96E0-9CBF359D8CEA}.Release|Any CPU.ActiveCfg = Release|Any CPU
		{EAF7F938-2976-4156-96E0-9CBF359D8CEA}.Release|Any CPU.Build.0 = Release|Any CPU
	EndGlobalSection
	GlobalSection(SolutionProperties) = preSolution
		HideSolutionNode = FALSE
	EndGlobalSection
	GlobalSection(ExtensibilityGlobals) = postSolution
		SolutionGuid = {1F386552-F9F4-4E88-9539-AC1A179B694D}
	EndGlobalSection
EndGlobal
